<?xml version="1.0" encoding="utf-8"?>
<Project ToolsVersion="4.0" xmlns="http://schemas.microsoft.com/developer/msbuild/2003">
  <ItemGroup>
    <Filter Include="Source Files">
      <UniqueIdentifier>{4FC737F1-C7A5-4376-A066-2A32D752A2FF}</UniqueIdentifier>
      <Extensions>cpp;c;cc;cxx;c++;cppm;ixx;def;odl;idl;hpj;bat;asm;asmx</Extensions>
    </Filter>
    <Filter Include="Header Files">
      <UniqueIdentifier>{93995380-89BD-4b04-88EB-625FBE52EBFB}</UniqueIdentifier>
      <Extensions>h;hh;hpp;hxx;h++;hm;inl;inc;ipp;xsd</Extensions>
    </Filter>
    <Filter Include="Resource Files">
      <UniqueIdentifier>{67DA6AB6-F800-4c08-8B7A-83BB121AAD01}</UniqueIdentifier>
      <Extensions>rc;ico;cur;bmp;dlg;rc2;rct;bin;rgs;gif;jpg;jpeg;jpe;resx;tiff;tif;png;wav;mfcribbon-ms</Extensions>
    </Filter>
    <Filter Include="Header Files\imgui">
      <UniqueIdentifier>{e1a75039-4766-4eef-adbe-072a6e61fcd3}</UniqueIdentifier>
    </Filter>
    <Filter Include="Source Files\imgui">
      <UniqueIdentifier>{c86358eb-adb1-4dd9-8103-8a75c1244f17}</UniqueIdentifier>
    </Filter>
  </ItemGroup>
  <ItemGroup>
    <ClCompile Include="code\main.cpp">
      <Filter>Source Files</Filter>
    </ClCompile>
    <ClCompile Include="code\game\sys\renderer.cpp">
      <Filter>Source Files</Filter>
    </ClCompile>
    <ClCompile Include="code\game\sys\world.cpp">
      <Filter>Source Files</Filter>
    </ClCompile>
    <ClCompile Include="code\game\object\character\character.cpp">
      <Filter>Source Files</Filter>
    </ClCompile>
    <ClCompile Include="code\game\sys\physics.cpp">
      <Filter>Source Files</Filter>
    </ClCompile>
    <ClCompile Include="code\game\sys\vehicle_manager.cpp">
      <Filter>Source Files</Filter>
    </ClCompile>
    <ClCompile Include="code\core\hooks.cpp">
      <Filter>Source Files</Filter>
    </ClCompile>
    <ClCompile Include="code\imgui\imgui.cpp">
      <Filter>Source Files\imgui</Filter>
    </ClCompile>
    <ClCompile Include="code\imgui\imgui_demo.cpp">
      <Filter>Source Files\imgui</Filter>
    </ClCompile>
    <ClCompile Include="code\imgui\imgui_draw.cpp">
      <Filter>Source Files\imgui</Filter>
    </ClCompile>
    <ClCompile Include="code\imgui\imgui_impl_dx9.cpp">
      <Filter>Source Files\imgui</Filter>
    </ClCompile>
    <ClCompile Include="code\imgui\imgui_impl_win32.cpp">
      <Filter>Source Files\imgui</Filter>
    </ClCompile>
    <ClCompile Include="code\imgui\imgui_tables.cpp">
      <Filter>Source Files\imgui</Filter>
    </ClCompile>
    <ClCompile Include="code\imgui\imgui_widgets.cpp">
      <Filter>Source Files\imgui</Filter>
    </ClCompile>
    <ClCompile Include="code\core\ui.cpp">
      <Filter>Source Files</Filter>
    </ClCompile>
    <ClCompile Include="code\game\sys\camera_manager.cpp">
      <Filter>Source Files</Filter>
    </ClCompile>
    <ClCompile Include="code\game\object\camera\camera.cpp">
      <Filter>Source Files</Filter>
    </ClCompile>
    <ClCompile Include="code\core\keycode.cpp">
      <Filter>Source Files</Filter>
    </ClCompile>
    <ClCompile Include="code\game\object\character\comps\skeleton.cpp">
      <Filter>Source Files</Filter>
    </ClCompile>
    <ClCompile Include="code\game\globals.cpp">
      <Filter>Source Files</Filter>
    </ClCompile>
    <ClCompile Include="code\game\sys\ammo_manager.cpp">
      <Filter>Source Files</Filter>
    </ClCompile>
    <ClCompile Include="code\game\object\weapon\bullet.cpp">
      <Filter>Source Files</Filter>
    </ClCompile>
    <ClCompile Include="code\game\sys\sound_system.cpp">
      <Filter>Source Files</Filter>
    </ClCompile>
    <ClCompile Include="code\game\object\sound\sound_bank.cpp">
      <Filter>Source Files</Filter>
    </ClCompile>
    <ClCompile Include="code\game\sys\time_system.cpp">
      <Filter>Source Files</Filter>
    </ClCompile>
    <ClCompile Include="code\game\object\weapon\weapon_belt.cpp">
      <Filter>Source Files</Filter>
    </ClCompile>
    <ClCompile Include="code\game\object\character\comps\vehicle_controller.cpp">
      <Filter>Source Files</Filter>
    </ClCompile>
    <ClCompile Include="code\game\sys\particle_system.cpp">
      <Filter>Source Files</Filter>
    </ClCompile>
    <ClCompile Include="code\game\sys\day_cycle.cpp">
      <Filter>Source Files</Filter>
    </ClCompile>
    <ClCompile Include="code\game\sys\explosion_manager.cpp">
      <Filter>Source Files</Filter>
    </ClCompile>
    <ClCompile Include="code\game\object\force_pulse\force_pulse.cpp">
      <Filter>Source Files</Filter>
    </ClCompile>
    <ClCompile Include="code\core\test_units.cpp">
      <Filter>Source Files</Filter>
    </ClCompile>
    <ClCompile Include="code\game\object\area_damage\area_damage.cpp">
      <Filter>Source Files</Filter>
    </ClCompile>
    <ClCompile Include="code\patches\patches.cpp">
      <Filter>Source Files</Filter>
    </ClCompile>
    <ClCompile Include="code\game\object\localplayer\localplayer.cpp">
      <Filter>Source Files</Filter>
    </ClCompile>
    <ClCompile Include="code\havok\character_proxy.cpp">
      <Filter>Source Files</Filter>
    </ClCompile>
    <ClCompile Include="code\havok\simple_shape_phantom.cpp">
      <Filter>Source Files</Filter>
    </ClCompile>
    <ClCompile Include="code\havok\motion_state.cpp">
      <Filter>Source Files</Filter>
    </ClCompile>
    <ClCompile Include="code\game\sys\game_control.cpp">
      <Filter>Source Files</Filter>
    </ClCompile>
    <ClCompile Include="code\game\sys\weapon_system.cpp">
      <Filter>Source Files</Filter>
    </ClCompile>
    <ClCompile Include="code\game\object\weapon\weapon.cpp">
      <Filter>Source Files</Filter>
    </ClCompile>
    <ClCompile Include="code\core\clean_dbg.cpp">
      <Filter>Source Files</Filter>
    </ClCompile>
    <ClCompile Include="code\game\object\base\comps\physical.cpp">
      <Filter>Source Files</Filter>
    </ClCompile>
    <ClCompile Include="code\game\sys\spawn_system.cpp">
      <Filter>Source Files</Filter>
    </ClCompile>
    <ClCompile Include="code\game\object\character_handle\character_handle.cpp">
      <Filter>Source Files</Filter>
    </ClCompile>
    <ClCompile Include="code\game\object\character\comps\stance_controller.cpp">
      <Filter>Source Files</Filter>
    </ClCompile>
    <ClCompile Include="code\game\sys\ai_core.cpp">
      <Filter>Source Files</Filter>
    </ClCompile>
    <ClCompile Include="code\game\object\simple_rigid_object\simple_rigid_object.cpp">
      <Filter>Source Files</Filter>
    </ClCompile>
    <ClCompile Include="code\stl\ref.cpp">
      <Filter>Source Files</Filter>
    </ClCompile>
    <ClCompile Include="code\game\object\base\comps\model.cpp">
      <Filter>Source Files</Filter>
    </ClCompile>
    <ClCompile Include="code\game\object\damageable_object\damageable_object.cpp">
      <Filter>Source Files</Filter>
    </ClCompile>
    <ClCompile Include="code\game\object\spawn_point\vehicle_spawn_point.cpp">
      <Filter>Source Files</Filter>
    </ClCompile>
    <ClCompile Include="code\game\object\spawn_point\agent_spawn_point.cpp">
      <Filter>Source Files</Filter>
    </ClCompile>
    <ClCompile Include="code\game\object\spawn_point\spawn_point.cpp">
      <Filter>Source Files</Filter>
    </ClCompile>
    <ClCompile Include="code\game\object\base\base.cpp">
      <Filter>Source Files</Filter>
    </ClCompile>
    <ClCompile Include="code\game\object\alive_object\alive_object.cpp">
      <Filter>Source Files</Filter>
    </ClCompile>
    <ClCompile Include="code\game\object\spawn_point\object_spawn_point.cpp">
      <Filter>Source Files</Filter>
    </ClCompile>
    <ClCompile Include="code\game\object\action_point_owner\action_point_owner.cpp">
      <Filter>Source Files</Filter>
    </ClCompile>
    <ClCompile Include="code\game\object\vehicle\vehicle.cpp">
      <Filter>Source Files</Filter>
    </ClCompile>
    <ClCompile Include="code\game\object\vehicle\land_vehicle.cpp">
      <Filter>Source Files</Filter>
    </ClCompile>
    <ClCompile Include="code\game\object\vehicle\air_vehicle.cpp">
      <Filter>Source Files</Filter>
    </ClCompile>
    <ClCompile Include="code\game\object\vehicle\sea_vehicle.cpp">
      <Filter>Source Files</Filter>
    </ClCompile>
    <ClCompile Include="code\game\object\vehicle\airplane.cpp">
      <Filter>Source Files</Filter>
    </ClCompile>
    <ClCompile Include="code\game\object\vehicle\helicopter.cpp">
      <Filter>Source Files</Filter>
    </ClCompile>
    <ClCompile Include="code\game\object\vehicle\boat.cpp">
      <Filter>Source Files</Filter>
    </ClCompile>
    <ClCompile Include="code\game\object\vehicle\submarine.cpp">
      <Filter>Source Files</Filter>
    </ClCompile>
    <ClCompile Include="code\game\object\vehicle\car.cpp">
      <Filter>Source Files</Filter>
    </ClCompile>
    <ClCompile Include="code\game\object\vehicle\motorbike.cpp">
      <Filter>Source Files</Filter>
    </ClCompile>
    <ClCompile Include="code\game\object\vehicle\tank.cpp">
      <Filter>Source Files</Filter>
    </ClCompile>
    <ClCompile Include="code\mp\net.cpp">
      <Filter>Source Files</Filter>
    </ClCompile>
    <ClCompile Include="code\mp\chat\chat.cpp">
      <Filter>Source Files</Filter>
    </ClCompile>
    <ClCompile Include="code\mp\cmd\cmd.cpp">
      <Filter>Source Files</Filter>
    </ClCompile>
    <ClCompile Include="code\game\sys\game_status.cpp">
      <Filter>Source Files</Filter>
    </ClCompile>
    <ClCompile Include="code\game\object\mounted_gun\mounted_gun.cpp">
      <Filter>Source Files</Filter>
    </ClCompile>
    <ClCompile Include="code\game\sys\resource_streamer.cpp">
      <Filter>Source Files</Filter>
    </ClCompile>
    <ClCompile Include="code\game\object\resource\resource.cpp">
      <Filter>Source Files</Filter>
    </ClCompile>
    <ClCompile Include="code\game\object\resource\ee_resource.cpp">
      <Filter>Source Files</Filter>
    </ClCompile>
    <ClCompile Include="code\game\object\exported_entity\exported_entity.cpp">
      <Filter>Source Files</Filter>
    </ClCompile>
    <ClCompile Include="code\game\object\agent_type\npc_variant.cpp">
      <Filter>Source Files</Filter>
    </ClCompile>
    <ClCompile Include="code\game\object\ladder\ladder.cpp">
      <Filter>Source Files</Filter>
    </ClCompile>
    <ClCompile Include="code\game\object\item\item_pickup.cpp">
      <Filter>Source Files</Filter>
    </ClCompile>
  </ItemGroup>
  <ItemGroup>
    <ClInclude Include="code\game\sys\renderer.h">
      <Filter>Header Files</Filter>
    </ClInclude>
    <ClInclude Include="code\game\sys\world.h">
      <Filter>Header Files</Filter>
    </ClInclude>
    <ClInclude Include="code\game\object\character\character.h">
      <Filter>Header Files</Filter>
    </ClInclude>
    <ClInclude Include="code\game\sys\physics.h">
      <Filter>Header Files</Filter>
    </ClInclude>
    <ClInclude Include="code\game\sys\vehicle_manager.h">
      <Filter>Header Files</Filter>
    </ClInclude>
    <ClInclude Include="code\core\hooks.h">
      <Filter>Header Files</Filter>
    </ClInclude>
    <ClInclude Include="code\core\protos.h">
      <Filter>Header Files</Filter>
    </ClInclude>
    <ClInclude Include="code\imgui\imconfig.h">
      <Filter>Header Files\imgui</Filter>
    </ClInclude>
    <ClInclude Include="code\imgui\imgui.h">
      <Filter>Header Files\imgui</Filter>
    </ClInclude>
    <ClInclude Include="code\imgui\imgui_impl_dx9.h">
      <Filter>Header Files\imgui</Filter>
    </ClInclude>
    <ClInclude Include="code\imgui\imgui_impl_win32.h">
      <Filter>Header Files\imgui</Filter>
    </ClInclude>
    <ClInclude Include="code\imgui\imgui_internal.h">
      <Filter>Header Files\imgui</Filter>
    </ClInclude>
    <ClInclude Include="code\imgui\imstb_rectpack.h">
      <Filter>Header Files\imgui</Filter>
    </ClInclude>
    <ClInclude Include="code\imgui\imstb_textedit.h">
      <Filter>Header Files\imgui</Filter>
    </ClInclude>
    <ClInclude Include="code\imgui\imstb_truetype.h">
      <Filter>Header Files\imgui</Filter>
    </ClInclude>
    <ClInclude Include="code\core\ui.h">
      <Filter>Header Files</Filter>
    </ClInclude>
    <ClInclude Include="code\game\sys\camera_manager.h">
      <Filter>Header Files</Filter>
    </ClInclude>
    <ClInclude Include="code\game\object\camera\camera.h">
      <Filter>Header Files</Filter>
    </ClInclude>
    <ClInclude Include="code\core\keycode.h">
      <Filter>Header Files</Filter>
    </ClInclude>
    <ClInclude Include="code\game\object\character\comps\skeleton.h">
      <Filter>Header Files</Filter>
    </ClInclude>
    <ClInclude Include="code\game\globals.h">
      <Filter>Header Files</Filter>
    </ClInclude>
    <ClInclude Include="code\stl\vec.h">
      <Filter>Header Files</Filter>
    </ClInclude>
    <ClInclude Include="code\game\sys\ammo_manager.h">
      <Filter>Header Files</Filter>
    </ClInclude>
    <ClInclude Include="code\game\object\weapon\bullet.h">
      <Filter>Header Files</Filter>
    </ClInclude>
    <ClInclude Include="code\game\sys\sound_system.h">
      <Filter>Header Files</Filter>
    </ClInclude>
    <ClInclude Include="code\game\object\sound\sound_bank.h">
      <Filter>Header Files</Filter>
    </ClInclude>
    <ClInclude Include="code\game\sys\time_system.h">
      <Filter>Header Files</Filter>
    </ClInclude>
    <ClInclude Include="code\game\object\weapon\weapon_belt.h">
      <Filter>Header Files</Filter>
    </ClInclude>
    <ClInclude Include="code\game\object\character\comps\vehicle_controller.h">
      <Filter>Header Files</Filter>
    </ClInclude>
    <ClInclude Include="code\game\sys\particle_system.h">
      <Filter>Header Files</Filter>
    </ClInclude>
    <ClInclude Include="code\game\sys\day_cycle.h">
      <Filter>Header Files</Filter>
    </ClInclude>
    <ClInclude Include="code\game\sys\all.h">
      <Filter>Header Files</Filter>
    </ClInclude>
    <ClInclude Include="code\game\sys\explosion_manager.h">
      <Filter>Header Files</Filter>
    </ClInclude>
    <ClInclude Include="code\game\object\force_pulse\force_pulse.h">
      <Filter>Header Files</Filter>
    </ClInclude>
    <ClInclude Include="code\core\test_units.h">
      <Filter>Header Files</Filter>
    </ClInclude>
    <ClInclude Include="code\game\object\area_damage\area_damage.h">
      <Filter>Header Files</Filter>
    </ClInclude>
    <ClInclude Include="code\patches\patches.h">
      <Filter>Header Files</Filter>
    </ClInclude>
    <ClInclude Include="code\game\object\localplayer\localplayer.h">
      <Filter>Header Files</Filter>
    </ClInclude>
    <ClInclude Include="code\havok\character_proxy.h">
      <Filter>Header Files</Filter>
    </ClInclude>
    <ClInclude Include="code\havok\simple_shape_phantom.h">
      <Filter>Header Files</Filter>
    </ClInclude>
    <ClInclude Include="code\havok\motion_state.h">
      <Filter>Header Files</Filter>
    </ClInclude>
    <ClInclude Include="code\game\sys\game_control.h">
      <Filter>Header Files</Filter>
    </ClInclude>
    <ClInclude Include="code\game\sys\weapon_system.h">
      <Filter>Header Files</Filter>
    </ClInclude>
    <ClInclude Include="code\game\object\weapon\weapon.h">
      <Filter>Header Files</Filter>
    </ClInclude>
    <ClInclude Include="code\core\clean_dbg.h">
      <Filter>Header Files</Filter>
    </ClInclude>
    <ClInclude Include="code\game\object\base\comps\physical.h">
      <Filter>Header Files</Filter>
    </ClInclude>
    <ClInclude Include="code\core\patching.h">
      <Filter>Header Files</Filter>
    </ClInclude>
    <ClInclude Include="code\game\sys\spawn_system.h">
      <Filter>Header Files</Filter>
    </ClInclude>
    <ClInclude Include="code\game\object\character_handle\character_handle.h">
      <Filter>Header Files</Filter>
    </ClInclude>
    <ClInclude Include="code\game\object\character\comps\stance_controller.h">
      <Filter>Header Files</Filter>
    </ClInclude>
    <ClInclude Include="code\game\sys\ai_core.h">
      <Filter>Header Files</Filter>
    </ClInclude>
    <ClInclude Include="code\game\object\simple_rigid_object\simple_rigid_object.h">
      <Filter>Header Files</Filter>
    </ClInclude>
    <ClInclude Include="code\stl\ref.h">
      <Filter>Header Files</Filter>
    </ClInclude>
    <ClInclude Include="code\game\object\base\comps\model.h">
      <Filter>Header Files</Filter>
    </ClInclude>
    <ClInclude Include="code\game\object\damageable_object\damageable_object.h">
      <Filter>Header Files</Filter>
    </ClInclude>
    <ClInclude Include="code\stl\map.h">
      <Filter>Header Files</Filter>
    </ClInclude>
    <ClInclude Include="code\stl\string.h">
      <Filter>Header Files</Filter>
    </ClInclude>
    <ClInclude Include="code\game\object\spawn_point\vehicle_spawn_point.h">
      <Filter>Header Files</Filter>
    </ClInclude>
    <ClInclude Include="code\game\object\spawn_point\agent_spawn_point.h">
      <Filter>Header Files</Filter>
    </ClInclude>
    <ClInclude Include="code\game\object\spawn_point\spawn_point.h">
      <Filter>Header Files</Filter>
    </ClInclude>
    <ClInclude Include="code\game\object\base\base.h">
      <Filter>Header Files</Filter>
    </ClInclude>
    <ClInclude Include="code\game\object\alive_object\alive_object.h">
      <Filter>Header Files</Filter>
    </ClInclude>
    <ClInclude Include="code\game\object\spawn_point\object_spawn_point.h">
      <Filter>Header Files</Filter>
    </ClInclude>
    <ClInclude Include="code\game\object\action_point_owner\action_point_owner.h">
      <Filter>Header Files</Filter>
    </ClInclude>
    <ClInclude Include="code\game\object\vehicle\vehicle.h">
      <Filter>Header Files</Filter>
    </ClInclude>
    <ClInclude Include="code\game\object\vehicle\land_vehicle.h">
      <Filter>Header Files</Filter>
    </ClInclude>
    <ClInclude Include="code\game\object\vehicle\air_vehicle.h">
      <Filter>Header Files</Filter>
    </ClInclude>
    <ClInclude Include="code\game\object\vehicle\sea_vehicle.h">
      <Filter>Header Files</Filter>
    </ClInclude>
    <ClInclude Include="code\game\object\vehicle\airplane.h">
      <Filter>Header Files</Filter>
    </ClInclude>
    <ClInclude Include="code\game\object\vehicle\helicopter.h">
      <Filter>Header Files</Filter>
    </ClInclude>
    <ClInclude Include="code\game\object\vehicle\boat.h">
      <Filter>Header Files</Filter>
    </ClInclude>
    <ClInclude Include="code\game\object\vehicle\submarine.h">
      <Filter>Header Files</Filter>
    </ClInclude>
    <ClInclude Include="code\game\object\vehicle\car.h">
      <Filter>Header Files</Filter>
    </ClInclude>
    <ClInclude Include="code\game\object\vehicle\motorbike.h">
      <Filter>Header Files</Filter>
    </ClInclude>
    <ClInclude Include="code\game\object\vehicle\tank.h">
      <Filter>Header Files</Filter>
    </ClInclude>
    <ClInclude Include="code\mp\net.h">
      <Filter>Header Files</Filter>
    </ClInclude>
    <ClInclude Include="code\mp\chat\chat.h">
      <Filter>Header Files</Filter>
    </ClInclude>
    <ClInclude Include="code\mp\cmd\cmd.h">
      <Filter>Header Files</Filter>
    </ClInclude>
    <ClInclude Include="code\game\sys\game_status.h">
      <Filter>Header Files</Filter>
    </ClInclude>
    <ClInclude Include="code\game\object\mounted_gun\mounted_gun.h">
      <Filter>Header Files</Filter>
    </ClInclude>
    <ClInclude Include="code\game\sys\resource_streamer.h">
      <Filter>Header Files</Filter>
    </ClInclude>
    <ClInclude Include="code\game\object\resource\resource.h">
      <Filter>Header Files</Filter>
    </ClInclude>
    <ClInclude Include="code\game\object\resource\ee_resource.h">
      <Filter>Header Files</Filter>
    </ClInclude>
    <ClInclude Include="code\game\object\exported_entity\exported_entity.h">
      <Filter>Header Files</Filter>
    </ClInclude>
    <ClInclude Include="code\game\object\agent_type\npc_variant.h">
      <Filter>Header Files</Filter>
    </ClInclude>
    <ClInclude Include="code\game\object\vars\exported_entities.h">
      <Filter>Header Files</Filter>
    </ClInclude>
    <ClInclude Include="code\game\object\ladder\ladder.h">
      <Filter>Header Files</Filter>
    </ClInclude>
    <ClInclude Include="code\game\object\item\item_pickup.h">
      <Filter>Header Files</Filter>
    </ClInclude>
    <ClInclude Include="code\game\object\vars\weapons.h">
      <Filter>Header Files</Filter>
    </ClInclude>
  </ItemGroup>
</Project>