<?xml version="1.0" encoding="utf-8"?>
<Project ToolsVersion="4.0" xmlns="http://schemas.microsoft.com/developer/msbuild/2003">
  <ItemGroup>
    <Filter Include="Source Files">
      <UniqueIdentifier>{4FC737F1-C7A5-4376-A066-2A32D752A2FF}</UniqueIdentifier>
      <Extensions>cpp;c;cc;cxx;c++;cppm;ixx;def;odl;idl;hpj;bat;asm;asmx</Extensions>
    </Filter>
    <Filter Include="Header Files">
      <UniqueIdentifier>{93995380-89BD-4b04-88EB-625FBE52EBFB}</UniqueIdentifier>
      <Extensions>h;hh;hpp;hxx;h++;hm;inl;inc;ipp;xsd</Extensions>
    </Filter>
    <Filter Include="Resource Files">
      <UniqueIdentifier>{67DA6AB6-F800-4c08-8B7A-83BB121AAD01}</UniqueIdentifier>
      <Extensions>rc;ico;cur;bmp;dlg;rc2;rct;bin;rgs;gif;jpg;jpeg;jpe;resx;tiff;tif;png;wav;mfcribbon-ms</Extensions>
    </Filter>
    <Filter Include="Header Files\imgui">
      <UniqueIdentifier>{e1a75039-4766-4eef-adbe-072a6e61fcd3}</UniqueIdentifier>
    </Filter>
    <Filter Include="Source Files\imgui">
      <UniqueIdentifier>{c86358eb-adb1-4dd9-8103-8a75c1244f17}</UniqueIdentifier>
    </Filter>
  </ItemGroup>
  <ItemGroup>
    <ClCompile Include="code\main.cpp">
      <Filter>Source Files</Filter>
    </ClCompile>
    <ClCompile Include="code\game\sys\renderer\renderer.cpp">
      <Filter>Source Files</Filter>
    </ClCompile>
    <ClCompile Include="code\game\sys\world\world.cpp">
      <Filter>Source Files</Filter>
    </ClCompile>
    <ClCompile Include="code\game\object\character\character.cpp">
      <Filter>Source Files</Filter>
    </ClCompile>
    <ClCompile Include="code\game\sys\resource\physics.cpp">
      <Filter>Source Files</Filter>
    </ClCompile>
    <ClCompile Include="code\game\sys\vehicle\vehicle_manager.cpp">
      <Filter>Source Files</Filter>
    </ClCompile>
    <ClCompile Include="code\core\hooks.cpp">
      <Filter>Source Files</Filter>
    </ClCompile>
    <ClCompile Include="code\imgui\imgui.cpp">
      <Filter>Source Files\imgui</Filter>
    </ClCompile>
    <ClCompile Include="code\imgui\imgui_demo.cpp">
      <Filter>Source Files\imgui</Filter>
    </ClCompile>
    <ClCompile Include="code\imgui\imgui_draw.cpp">
      <Filter>Source Files\imgui</Filter>
    </ClCompile>
    <ClCompile Include="code\imgui\imgui_impl_dx9.cpp">
      <Filter>Source Files\imgui</Filter>
    </ClCompile>
    <ClCompile Include="code\imgui\imgui_impl_win32.cpp">
      <Filter>Source Files\imgui</Filter>
    </ClCompile>
    <ClCompile Include="code\imgui\imgui_tables.cpp">
      <Filter>Source Files\imgui</Filter>
    </ClCompile>
    <ClCompile Include="code\imgui\imgui_widgets.cpp">
      <Filter>Source Files\imgui</Filter>
    </ClCompile>
    <ClCompile Include="code\core\ui.cpp">
      <Filter>Source Files</Filter>
    </ClCompile>
    <ClCompile Include="code\game\sys\camera\camera_manager.cpp">
      <Filter>Source Files</Filter>
    </ClCompile>
    <ClCompile Include="code\game\object\camera\camera.cpp">
      <Filter>Source Files</Filter>
    </ClCompile>
    <ClCompile Include="code\core\keycode.cpp">
      <Filter>Source Files</Filter>
    </ClCompile>
    <ClCompile Include="code\game\object\character\comps\skeleton.cpp">
      <Filter>Source Files</Filter>
    </ClCompile>
    <ClCompile Include="code\game\globals.cpp">
      <Filter>Source Files</Filter>
    </ClCompile>
    <ClCompile Include="code\game\sys\weapon\ammo_manager.cpp">
      <Filter>Source Files</Filter>
    </ClCompile>
    <ClCompile Include="code\game\object\weapon\bullet.cpp">
      <Filter>Source Files</Filter>
    </ClCompile>
    <ClCompile Include="code\game\sys\sound\sound_system.cpp">
      <Filter>Source Files</Filter>
    </ClCompile>
    <ClCompile Include="code\game\object\sound\sound_bank.cpp">
      <Filter>Source Files</Filter>
    </ClCompile>
    <ClCompile Include="code\game\sys\time\time_system.cpp">
      <Filter>Source Files</Filter>
    </ClCompile>
    <ClCompile Include="code\game\object\weapon\weapon_belt.cpp">
      <Filter>Source Files</Filter>
    </ClCompile>
    <ClCompile Include="code\game\sys\particle\particle_system.cpp">
      <Filter>Source Files</Filter>
    </ClCompile>
    <ClCompile Include="code\game\sys\world\day_cycle.cpp">
      <Filter>Source Files</Filter>
    </ClCompile>
    <ClCompile Include="code\game\sys\core\explosion_manager.cpp">
      <Filter>Source Files</Filter>
    </ClCompile>
    <ClCompile Include="code\game\object\force_pulse\force_pulse.cpp">
      <Filter>Source Files</Filter>
    </ClCompile>
    <ClCompile Include="code\core\test_units.cpp">
      <Filter>Source Files</Filter>
    </ClCompile>
    <ClCompile Include="code\game\object\area_damage\area_damage.cpp">
      <Filter>Source Files</Filter>
    </ClCompile>
    <ClCompile Include="code\patches\patches.cpp">
      <Filter>Source Files</Filter>
    </ClCompile>
    <ClCompile Include="code\game\object\game_player\game_player.cpp">
      <Filter>Source Files</Filter>
    </ClCompile>
    <ClCompile Include="code\havok\character_proxy.cpp">
      <Filter>Source Files</Filter>
    </ClCompile>
    <ClCompile Include="code\havok\simple_shape_phantom.cpp">
      <Filter>Source Files</Filter>
    </ClCompile>
    <ClCompile Include="code\havok\motion_state.cpp">
      <Filter>Source Files</Filter>
    </ClCompile>
    <ClCompile Include="code\game\sys\game\game_control.cpp">
      <Filter>Source Files</Filter>
    </ClCompile>
    <ClCompile Include="code\game\sys\weapon\weapon_system.cpp">
      <Filter>Source Files</Filter>
    </ClCompile>
    <ClCompile Include="code\game\object\weapon\weapon.cpp">
      <Filter>Source Files</Filter>
    </ClCompile>
    <ClCompile Include="code\core\clean_dbg.cpp">
      <Filter>Source Files</Filter>
    </ClCompile>
    <ClCompile Include="code\game\sys\core\factory_system.cpp">
      <Filter>Source Files</Filter>
    </ClCompile>
    <ClCompile Include="code\game\object\character_handle\character_handle.cpp">
      <Filter>Source Files</Filter>
    </ClCompile>
    <ClCompile Include="code\game\object\character\comps\stance_controller.cpp">
      <Filter>Source Files</Filter>
    </ClCompile>
    <ClCompile Include="code\game\sys\ai\ai_core.cpp">
      <Filter>Source Files</Filter>
    </ClCompile>
    <ClCompile Include="code\game\object\base\comps\model.cpp">
      <Filter>Source Files</Filter>
    </ClCompile>
    <ClCompile Include="code\game\object\damageable_object\damageable_object.cpp">
      <Filter>Source Files</Filter>
    </ClCompile>
    <ClCompile Include="code\game\object\spawn_point\vehicle_spawn_point.cpp">
      <Filter>Source Files</Filter>
    </ClCompile>
    <ClCompile Include="code\game\object\spawn_point\agent_spawn_point.cpp">
      <Filter>Source Files</Filter>
    </ClCompile>
    <ClCompile Include="code\game\object\spawn_point\spawn_point.cpp">
      <Filter>Source Files</Filter>
    </ClCompile>
    <ClCompile Include="code\game\object\base\base.cpp">
      <Filter>Source Files</Filter>
    </ClCompile>
    <ClCompile Include="code\game\object\alive_object\alive_object.cpp">
      <Filter>Source Files</Filter>
    </ClCompile>
    <ClCompile Include="code\game\object\spawn_point\object_spawn_point.cpp">
      <Filter>Source Files</Filter>
    </ClCompile>
    <ClCompile Include="code\game\object\action_point_owner\action_point_owner.cpp">
      <Filter>Source Files</Filter>
    </ClCompile>
    <ClCompile Include="code\game\object\vehicle\vehicle.cpp">
      <Filter>Source Files</Filter>
    </ClCompile>
    <ClCompile Include="code\game\object\vehicle\land_vehicle.cpp">
      <Filter>Source Files</Filter>
    </ClCompile>
    <ClCompile Include="code\game\object\vehicle\air_vehicle.cpp">
      <Filter>Source Files</Filter>
    </ClCompile>
    <ClCompile Include="code\game\object\vehicle\sea_vehicle.cpp">
      <Filter>Source Files</Filter>
    </ClCompile>
    <ClCompile Include="code\game\object\vehicle\airplane.cpp">
      <Filter>Source Files</Filter>
    </ClCompile>
    <ClCompile Include="code\game\object\vehicle\helicopter.cpp">
      <Filter>Source Files</Filter>
    </ClCompile>
    <ClCompile Include="code\game\object\vehicle\boat.cpp">
      <Filter>Source Files</Filter>
    </ClCompile>
    <ClCompile Include="code\game\object\vehicle\submarine.cpp">
      <Filter>Source Files</Filter>
    </ClCompile>
    <ClCompile Include="code\game\object\vehicle\car.cpp">
      <Filter>Source Files</Filter>
    </ClCompile>
    <ClCompile Include="code\game\object\vehicle\motorbike.cpp">
      <Filter>Source Files</Filter>
    </ClCompile>
    <ClCompile Include="code\game\object\vehicle\tank.cpp">
      <Filter>Source Files</Filter>
    </ClCompile>
    <ClCompile Include="code\mp\net.cpp">
      <Filter>Source Files</Filter>
    </ClCompile>
    <ClCompile Include="code\mp\chat\chat.cpp">
      <Filter>Source Files</Filter>
    </ClCompile>
    <ClCompile Include="code\mp\cmd\cmd.cpp">
      <Filter>Source Files</Filter>
    </ClCompile>
    <ClCompile Include="code\game\sys\game\game_status.cpp">
      <Filter>Source Files</Filter>
    </ClCompile>
    <ClCompile Include="code\game\object\mounted_gun\mounted_gun.cpp">
      <Filter>Source Files</Filter>
    </ClCompile>
    <ClCompile Include="code\game\sys\resource\resource_streamer.cpp">
      <Filter>Source Files</Filter>
    </ClCompile>
    <ClCompile Include="code\game\object\game_resource\game_resource.cpp">
      <Filter>Source Files</Filter>
    </ClCompile>
    <ClCompile Include="code\game\object\game_resource\ee_resource.cpp">
      <Filter>Source Files</Filter>
    </ClCompile>
    <ClCompile Include="code\game\object\exported_entity\exported_entity.cpp">
      <Filter>Source Files</Filter>
    </ClCompile>
    <ClCompile Include="code\game\object\agent_type\npc_variant.cpp">
      <Filter>Source Files</Filter>
    </ClCompile>
    <ClCompile Include="code\game\object\ladder\ladder.cpp">
      <Filter>Source Files</Filter>
    </ClCompile>
    <ClCompile Include="code\game\object\item\item_pickup.cpp">
      <Filter>Source Files</Filter>
    </ClCompile>
    <ClCompile Include="code\game\object\rigid_object\animated_rigid_object.cpp">
      <Filter>Source Files</Filter>
    </ClCompile>
    <ClCompile Include="code\game\object\rigid_object\simple_rigid_object.cpp">
      <Filter>Source Files</Filter>
    </ClCompile>
    <ClCompile Include="code\game\object\base\obj_event_manager.cpp">
      <Filter>Source Files</Filter>
    </ClCompile>
    <ClCompile Include="code\game\object\sound\sound_game_obj.cpp">
      <Filter>Source Files</Filter>
    </ClCompile>
    <ClCompile Include="code\mp\logic.cpp">
      <Filter>Source Files</Filter>
    </ClCompile>
    <ClCompile Include="code\game\object\ui\map_icon.cpp">
      <Filter>Source Files</Filter>
    </ClCompile>
    <ClCompile Include="code\game\object\mission\objective.cpp">
      <Filter>Source Files</Filter>
    </ClCompile>
    <ClCompile Include="code\game\object\ui\target_indicator.cpp">
      <Filter>Source Files</Filter>
    </ClCompile>
    <ClCompile Include="code\core\task_system\task.cpp">
      <Filter>Source Files</Filter>
    </ClCompile>
    <ClCompile Include="code\core\task_system\task_system.cpp">
      <Filter>Source Files</Filter>
    </ClCompile>
    <ClCompile Include="code\game\sys\world\player_global_info.cpp">
      <Filter>Source Files</Filter>
    </ClCompile>
    <ClCompile Include="code\game\object\vehicle\comps\vehicle_seat.cpp">
      <Filter>Source Files</Filter>
    </ClCompile>
    <ClCompile Include="code\game\object\rigid_object\traffic_light.cpp">
      <Filter>Source Files</Filter>
    </ClCompile>
    <ClCompile Include="code\game\object\physics\pfx_instance.cpp">
      <Filter>Source Files</Filter>
    </ClCompile>
    <ClCompile Include="code\game\object\physics\pfx_collision.cpp">
      <Filter>Source Files</Filter>
    </ClCompile>
    <ClCompile Include="code\game\sys\game\game_ctx.cpp">
      <Filter>Source Files</Filter>
    </ClCompile>
    <ClCompile Include="code\game\sys\settings\settings_system.cpp">
      <Filter>Source Files</Filter>
    </ClCompile>
    <ClCompile Include="code\game\object\ui\map_icon_type.cpp">
      <Filter>Source Files</Filter>
    </ClCompile>
    <ClCompile Include="code\game\sys\resource\archives.cpp">
      <Filter>Source Files</Filter>
    </ClCompile>
    <ClCompile Include="code\game\object\asset\asset_rbm.cpp">
      <Filter>Source Files</Filter>
    </ClCompile>
    <ClCompile Include="code\game\object\asset\asset_anim.cpp">
      <Filter>Source Files</Filter>
    </ClCompile>
    <ClCompile Include="code\game\object\asset\asset_texture.cpp">
      <Filter>Source Files</Filter>
    </ClCompile>
    <ClCompile Include="code\game\sys\resource\model_system.cpp">
      <Filter>Source Files</Filter>
    </ClCompile>
    <ClCompile Include="code\game\sys\resource\anim_system.cpp">
      <Filter>Source Files</Filter>
    </ClCompile>
    <ClCompile Include="code\game\sys\resource\texture_system.cpp">
      <Filter>Source Files</Filter>
    </ClCompile>
    <ClCompile Include="code\game\object\agent_type\vehicle_type.cpp">
      <Filter>Source Files</Filter>
    </ClCompile>
    <ClCompile Include="code\game\object\interactable\interactable.cpp">
      <Filter>Source Files</Filter>
    </ClCompile>
    <ClCompile Include="code\core\dbg_ui.cpp">
      <Filter>Source Files</Filter>
    </ClCompile>
    <ClCompile Include="code\game\object\parachute\parachute.cpp">
      <Filter>Source Files</Filter>
    </ClCompile>
    <ClCompile Include="code\game\object\physics\pfx_character.cpp">
      <Filter>Source Files</Filter>
    </ClCompile>
    <ClCompile Include="code\game\sys\camera\cam_control_manager.cpp">
      <Filter>Source Files</Filter>
    </ClCompile>
    <ClCompile Include="code\game\object\camera\cam_settings.cpp">
      <Filter>Source Files</Filter>
    </ClCompile>
  </ItemGroup>
  <ItemGroup>
    <ClInclude Include="code\game\sys\renderer\renderer.h">
      <Filter>Header Files</Filter>
    </ClInclude>
    <ClInclude Include="code\game\sys\world\world.h">
      <Filter>Header Files</Filter>
    </ClInclude>
    <ClInclude Include="code\game\object\character\character.h">
      <Filter>Header Files</Filter>
    </ClInclude>
    <ClInclude Include="code\game\sys\resource\physics.h">
      <Filter>Header Files</Filter>
    </ClInclude>
    <ClInclude Include="code\game\sys\vehicle\vehicle_manager.h">
      <Filter>Header Files</Filter>
    </ClInclude>
    <ClInclude Include="code\core\hooks.h">
      <Filter>Header Files</Filter>
    </ClInclude>
    <ClInclude Include="code\imgui\imconfig.h">
      <Filter>Header Files\imgui</Filter>
    </ClInclude>
    <ClInclude Include="code\imgui\imgui.h">
      <Filter>Header Files\imgui</Filter>
    </ClInclude>
    <ClInclude Include="code\imgui\imgui_impl_dx9.h">
      <Filter>Header Files\imgui</Filter>
    </ClInclude>
    <ClInclude Include="code\imgui\imgui_impl_win32.h">
      <Filter>Header Files\imgui</Filter>
    </ClInclude>
    <ClInclude Include="code\imgui\imgui_internal.h">
      <Filter>Header Files\imgui</Filter>
    </ClInclude>
    <ClInclude Include="code\imgui\imstb_rectpack.h">
      <Filter>Header Files\imgui</Filter>
    </ClInclude>
    <ClInclude Include="code\imgui\imstb_textedit.h">
      <Filter>Header Files\imgui</Filter>
    </ClInclude>
    <ClInclude Include="code\imgui\imstb_truetype.h">
      <Filter>Header Files\imgui</Filter>
    </ClInclude>
    <ClInclude Include="code\core\ui.h">
      <Filter>Header Files</Filter>
    </ClInclude>
    <ClInclude Include="code\game\sys\camera\camera_manager.h">
      <Filter>Header Files</Filter>
    </ClInclude>
    <ClInclude Include="code\game\object\camera\camera.h">
      <Filter>Header Files</Filter>
    </ClInclude>
    <ClInclude Include="code\core\keycode.h">
      <Filter>Header Files</Filter>
    </ClInclude>
    <ClInclude Include="code\game\object\character\comps\skeleton.h">
      <Filter>Header Files</Filter>
    </ClInclude>
    <ClInclude Include="code\game\globals.h">
      <Filter>Header Files</Filter>
    </ClInclude>
    <ClInclude Include="code\stl\vec.h">
      <Filter>Header Files</Filter>
    </ClInclude>
    <ClInclude Include="code\game\sys\weapon\ammo_manager.h">
      <Filter>Header Files</Filter>
    </ClInclude>
    <ClInclude Include="code\game\object\weapon\bullet.h">
      <Filter>Header Files</Filter>
    </ClInclude>
    <ClInclude Include="code\game\sys\sound\sound_system.h">
      <Filter>Header Files</Filter>
    </ClInclude>
    <ClInclude Include="code\game\object\sound\sound_bank.h">
      <Filter>Header Files</Filter>
    </ClInclude>
    <ClInclude Include="code\game\sys\time\time_system.h">
      <Filter>Header Files</Filter>
    </ClInclude>
    <ClInclude Include="code\game\object\weapon\weapon_belt.h">
      <Filter>Header Files</Filter>
    </ClInclude>
    <ClInclude Include="code\game\sys\particle\particle_system.h">
      <Filter>Header Files</Filter>
    </ClInclude>
    <ClInclude Include="code\game\sys\world\day_cycle.h">
      <Filter>Header Files</Filter>
    </ClInclude>
    <ClInclude Include="code\game\sys\all.h">
      <Filter>Header Files</Filter>
    </ClInclude>
    <ClInclude Include="code\game\sys\core\explosion_manager.h">
      <Filter>Header Files</Filter>
    </ClInclude>
    <ClInclude Include="code\game\object\force_pulse\force_pulse.h">
      <Filter>Header Files</Filter>
    </ClInclude>
    <ClInclude Include="code\core\test_units.h">
      <Filter>Header Files</Filter>
    </ClInclude>
    <ClInclude Include="code\game\object\area_damage\area_damage.h">
      <Filter>Header Files</Filter>
    </ClInclude>
    <ClInclude Include="code\patches\patches.h">
      <Filter>Header Files</Filter>
    </ClInclude>
    <ClInclude Include="code\game\object\game_player\game_player.h">
      <Filter>Header Files</Filter>
    </ClInclude>
    <ClInclude Include="code\havok\character_proxy.h">
      <Filter>Header Files</Filter>
    </ClInclude>
    <ClInclude Include="code\havok\simple_shape_phantom.h">
      <Filter>Header Files</Filter>
    </ClInclude>
    <ClInclude Include="code\havok\motion_state.h">
      <Filter>Header Files</Filter>
    </ClInclude>
    <ClInclude Include="code\game\sys\game\game_control.h">
      <Filter>Header Files</Filter>
    </ClInclude>
    <ClInclude Include="code\game\sys\weapon\weapon_system.h">
      <Filter>Header Files</Filter>
    </ClInclude>
    <ClInclude Include="code\game\object\weapon\weapon.h">
      <Filter>Header Files</Filter>
    </ClInclude>
    <ClInclude Include="code\core\clean_dbg.h">
      <Filter>Header Files</Filter>
    </ClInclude>
    <ClInclude Include="code\core\patching.h">
      <Filter>Header Files</Filter>
    </ClInclude>
    <ClInclude Include="code\game\sys\core\factory_system.h">
      <Filter>Header Files</Filter>
    </ClInclude>
    <ClInclude Include="code\game\object\character_handle\character_handle.h">
      <Filter>Header Files</Filter>
    </ClInclude>
    <ClInclude Include="code\game\object\character\comps\stance_controller.h">
      <Filter>Header Files</Filter>
    </ClInclude>
    <ClInclude Include="code\game\sys\ai\ai_core.h">
      <Filter>Header Files</Filter>
    </ClInclude>
    <ClInclude Include="code\game\object\base\comps\model.h">
      <Filter>Header Files</Filter>
    </ClInclude>
    <ClInclude Include="code\game\object\damageable_object\damageable_object.h">
      <Filter>Header Files</Filter>
    </ClInclude>
    <ClInclude Include="code\stl\map.h">
      <Filter>Header Files</Filter>
    </ClInclude>
    <ClInclude Include="code\stl\string.h">
      <Filter>Header Files</Filter>
    </ClInclude>
    <ClInclude Include="code\game\object\spawn_point\vehicle_spawn_point.h">
      <Filter>Header Files</Filter>
    </ClInclude>
    <ClInclude Include="code\game\object\spawn_point\agent_spawn_point.h">
      <Filter>Header Files</Filter>
    </ClInclude>
    <ClInclude Include="code\game\object\spawn_point\spawn_point.h">
      <Filter>Header Files</Filter>
    </ClInclude>
    <ClInclude Include="code\game\object\base\base.h">
      <Filter>Header Files</Filter>
    </ClInclude>
    <ClInclude Include="code\game\object\alive_object\alive_object.h">
      <Filter>Header Files</Filter>
    </ClInclude>
    <ClInclude Include="code\game\object\spawn_point\object_spawn_point.h">
      <Filter>Header Files</Filter>
    </ClInclude>
    <ClInclude Include="code\game\object\action_point_owner\action_point_owner.h">
      <Filter>Header Files</Filter>
    </ClInclude>
    <ClInclude Include="code\game\object\vehicle\vehicle.h">
      <Filter>Header Files</Filter>
    </ClInclude>
    <ClInclude Include="code\game\object\vehicle\land_vehicle.h">
      <Filter>Header Files</Filter>
    </ClInclude>
    <ClInclude Include="code\game\object\vehicle\air_vehicle.h">
      <Filter>Header Files</Filter>
    </ClInclude>
    <ClInclude Include="code\game\object\vehicle\sea_vehicle.h">
      <Filter>Header Files</Filter>
    </ClInclude>
    <ClInclude Include="code\game\object\vehicle\airplane.h">
      <Filter>Header Files</Filter>
    </ClInclude>
    <ClInclude Include="code\game\object\vehicle\helicopter.h">
      <Filter>Header Files</Filter>
    </ClInclude>
    <ClInclude Include="code\game\object\vehicle\boat.h">
      <Filter>Header Files</Filter>
    </ClInclude>
    <ClInclude Include="code\game\object\vehicle\submarine.h">
      <Filter>Header Files</Filter>
    </ClInclude>
    <ClInclude Include="code\game\object\vehicle\car.h">
      <Filter>Header Files</Filter>
    </ClInclude>
    <ClInclude Include="code\game\object\vehicle\motorbike.h">
      <Filter>Header Files</Filter>
    </ClInclude>
    <ClInclude Include="code\game\object\vehicle\tank.h">
      <Filter>Header Files</Filter>
    </ClInclude>
    <ClInclude Include="code\mp\net.h">
      <Filter>Header Files</Filter>
    </ClInclude>
    <ClInclude Include="code\mp\chat\chat.h">
      <Filter>Header Files</Filter>
    </ClInclude>
    <ClInclude Include="code\mp\cmd\cmd.h">
      <Filter>Header Files</Filter>
    </ClInclude>
    <ClInclude Include="code\game\sys\game\game_status.h">
      <Filter>Header Files</Filter>
    </ClInclude>
    <ClInclude Include="code\game\object\mounted_gun\mounted_gun.h">
      <Filter>Header Files</Filter>
    </ClInclude>
    <ClInclude Include="code\game\sys\resource\resource_streamer.h">
      <Filter>Header Files</Filter>
    </ClInclude>
    <ClInclude Include="code\game\object\game_resource\game_resource.h">
      <Filter>Header Files</Filter>
    </ClInclude>
    <ClInclude Include="code\game\object\game_resource\ee_resource.h">
      <Filter>Header Files</Filter>
    </ClInclude>
    <ClInclude Include="code\game\object\exported_entity\exported_entity.h">
      <Filter>Header Files</Filter>
    </ClInclude>
    <ClInclude Include="code\game\object\agent_type\npc_variant.h">
      <Filter>Header Files</Filter>
    </ClInclude>
    <ClInclude Include="code\game\object\vars\exported_entities.h">
      <Filter>Header Files</Filter>
    </ClInclude>
    <ClInclude Include="code\game\object\ladder\ladder.h">
      <Filter>Header Files</Filter>
    </ClInclude>
    <ClInclude Include="code\game\object\item\item_pickup.h">
      <Filter>Header Files</Filter>
    </ClInclude>
    <ClInclude Include="code\game\object\vars\weapons.h">
      <Filter>Header Files</Filter>
    </ClInclude>
    <ClInclude Include="code\game\object\rigid_object\animated_rigid_object.h">
      <Filter>Header Files</Filter>
    </ClInclude>
    <ClInclude Include="code\game\object\rigid_object\simple_rigid_object.h">
      <Filter>Header Files</Filter>
    </ClInclude>
    <ClInclude Include="code\game\object\base\obj_event_manager.h">
      <Filter>Header Files</Filter>
    </ClInclude>
    <ClInclude Include="code\game\object\sound\sound_game_obj.h">
      <Filter>Header Files</Filter>
    </ClInclude>
    <ClInclude Include="code\mp\logic.h">
      <Filter>Header Files</Filter>
    </ClInclude>
    <ClInclude Include="code\game\object\ui\map_icon.h">
      <Filter>Header Files</Filter>
    </ClInclude>
    <ClInclude Include="code\game\object\vars\ui.h">
      <Filter>Header Files</Filter>
    </ClInclude>
    <ClInclude Include="code\game\object\mission\objective.h">
      <Filter>Header Files</Filter>
    </ClInclude>
    <ClInclude Include="code\game\object\ui\target_indicator.h">
      <Filter>Header Files</Filter>
    </ClInclude>
    <ClInclude Include="code\core\task_system\task.h">
      <Filter>Header Files</Filter>
    </ClInclude>
    <ClInclude Include="code\core\task_system\task_system.h">
      <Filter>Header Files</Filter>
    </ClInclude>
    <ClInclude Include="code\game\sys\world\player_global_info.h">
      <Filter>Header Files</Filter>
    </ClInclude>
    <ClInclude Include="code\game\object\vehicle\comps\vehicle_seat.h">
      <Filter>Header Files</Filter>
    </ClInclude>
    <ClInclude Include="code\game\object\vars\npc_variants.h">
      <Filter>Header Files</Filter>
    </ClInclude>
    <ClInclude Include="code\game\object\rigid_object\traffic_light.h">
      <Filter>Header Files</Filter>
    </ClInclude>
    <ClInclude Include="code\game\object\physics\pfx_instance.h">
      <Filter>Header Files</Filter>
    </ClInclude>
    <ClInclude Include="code\game\object\physics\pfx_collision.h">
      <Filter>Header Files</Filter>
    </ClInclude>
    <ClInclude Include="code\game\object\savegame\savegame.h">
      <Filter>Header Files</Filter>
    </ClInclude>
    <ClInclude Include="code\game\object\vars\anims.h">
      <Filter>Header Files</Filter>
    </ClInclude>
    <ClInclude Include="code\game\sys\game\game_ctx.h">
      <Filter>Header Files</Filter>
    </ClInclude>
    <ClInclude Include="code\game\sys\settings\settings_system.h">
      <Filter>Header Files</Filter>
    </ClInclude>
    <ClInclude Include="code\main.h">
      <Filter>Header Files</Filter>
    </ClInclude>
    <ClInclude Include="code\game\object\ui\map_icon_type.h">
      <Filter>Header Files</Filter>
    </ClInclude>
    <ClInclude Include="rsrc\resource.h">
      <Filter>Header Files</Filter>
    </ClInclude>
    <ClInclude Include="code\game\sys\resource\archives.h">
      <Filter>Header Files</Filter>
    </ClInclude>
    <ClInclude Include="code\game\object\asset\asset_rbm.h">
      <Filter>Header Files</Filter>
    </ClInclude>
    <ClInclude Include="code\game\object\asset\asset_anim.h">
      <Filter>Header Files</Filter>
    </ClInclude>
    <ClInclude Include="code\game\object\asset\asset_texture.h">
      <Filter>Header Files</Filter>
    </ClInclude>
    <ClInclude Include="code\game\sys\resource\model_system.h">
      <Filter>Header Files</Filter>
    </ClInclude>
    <ClInclude Include="code\game\sys\resource\anim_system.h">
      <Filter>Header Files</Filter>
    </ClInclude>
    <ClInclude Include="code\game\sys\resource\texture_system.h">
      <Filter>Header Files</Filter>
    </ClInclude>
    <ClInclude Include="code\game\object\agent_type\vehicle_type.h">
      <Filter>Header Files</Filter>
    </ClInclude>
    <ClInclude Include="code\game\object\interactable\interactable.h">
      <Filter>Header Files</Filter>
    </ClInclude>
    <ClInclude Include="code\defs\client_basic.h">
      <Filter>Header Files</Filter>
    </ClInclude>
    <ClInclude Include="code\game\sys\resource\resource_cache.h">
      <Filter>Header Files</Filter>
    </ClInclude>
    <ClInclude Include="code\core\dbg_ui.h">
      <Filter>Header Files</Filter>
    </ClInclude>
    <ClInclude Include="code\havok\defs.h">
      <Filter>Header Files</Filter>
    </ClInclude>
    <ClInclude Include="code\game\object\parachute\parachute.h">
      <Filter>Header Files</Filter>
    </ClInclude>
    <ClInclude Include="code\game\object\physics\pfx_character.h">
      <Filter>Header Files</Filter>
    </ClInclude>
    <ClInclude Include="code\game\sys\camera\cam_control_manager.h">
      <Filter>Header Files</Filter>
    </ClInclude>
    <ClInclude Include="code\game\object\camera\cam_settings.h">
      <Filter>Header Files</Filter>
    </ClInclude>
  </ItemGroup>
  <ItemGroup>
    <ResourceCompile Include="rsrc\bug_ripper_ui.rc">
      <Filter>Resource Files</Filter>
    </ResourceCompile>
    <ResourceCompile Include="rsrc\resource.rc">
      <Filter>Resource Files</Filter>
    </ResourceCompile>
  </ItemGroup>
  <ItemGroup>
    <Image Include="rsrc\icon.ico">
      <Filter>Resource Files</Filter>
    </Image>
  </ItemGroup>
  <ItemGroup>
    <Font Include="rsrc\font.ttf" />
  </ItemGroup>
</Project>