
Microsoft Visual Studio Solution File, Format Version 12.00
# Visual Studio Version 17
VisualStudioVersion = 17.1.32421.90
MinimumVisualStudioVersion = 10.0.40219.1
Project("{8BC9CEB8-8B4A-11D0-8D11-00A0C91BC942}") = "client", "client\client.vcxproj", "{611A5FFD-81FA-49A1-A193-C61284E8222E}"
EndProject
Project("{8BC9CEB8-8B4A-11D0-8D11-00A0C91BC942}") = "server", "server\server.vcxproj", "{2F9A50FF-1352-44A3-913D-523B3658A4CA}"
EndProject
Project("{8BC9CEB8-8B4A-11D0-8D11-00A0C91BC942}") = "loader", "loader\loader.vcxproj", "{F3A1C58E-2EA8-414B-A0A0-ABCE1D08A247}"
	ProjectSection(ProjectDependencies) = postProject
		{611A5FFD-81FA-49A1-A193-C61284E8222E} = {611A5FFD-81FA-49A1-A193-C61284E8222E}
	EndProjectSection
EndProject
Project("{8BC9CEB8-8B4A-11D0-8D11-00A0C91BC942}") = "shared", "shared\shared.vcxitems", "{DFFBC708-890D-491B-980F-E8613869783B}"
EndProject
Project("{8BC9CEB8-8B4A-11D0-8D11-00A0C91BC942}") = "profiling", "profiling\profiling.vcxitems", "{C71A13A3-8825-4C05-8925-E11ECBE42EEB}"
EndProject
Project("{8BC9CEB8-8B4A-11D0-8D11-00A0C91BC942}") = "asset_converter", "asset_converter\asset_converter.vcxproj", "{DCF6D994-54FA-4AD0-9ADB-E34FAFFAF46F}"
EndProject
Project("{8BC9CEB8-8B4A-11D0-8D11-00A0C91BC942}") = "hde", "hde\hde.vcxitems", "{F4FFAD47-5958-4180-A64C-8E64D8B46368}"
EndProject
Project("{8BC9CEB8-8B4A-11D0-8D11-00A0C91BC942}") = "rg", "rg\rg.vcxitems", "{FECC2CD2-9D4B-43D2-81E2-C135D7B71727}"
EndProject
Project("{2150E333-8FDC-42A3-9474-1A3956D46DE8}") = "shared_projects", "shared_projects", "{850C26C5-A573-4C24-8607-F01C35716989}"
EndProject
Project("{8BC9CEB8-8B4A-11D0-8D11-00A0C91BC942}") = "scripting", "scripting\scripting.vcxitems", "{88CD857C-F04C-49D5-A25C-1A450D5C299F}"
EndProject
Project("{8BC9CEB8-8B4A-11D0-8D11-00A0C91BC942}") = "masterserver", "masterserver\masterserver.vcxproj", "{CE796F0F-0DB5-4436-9955-5B0E33A868CC}"
EndProject
Project("{2150E333-8FDC-42A3-9474-1A3956D46DE8}") = "tcp", "tcp", "{AC5A57F4-B329-4EB2-A7A9-84E67093367F}"
EndProject
Project("{8BC9CEB8-8B4A-11D0-8D11-00A0C91BC942}") = "tcp_client", "tcp_client\tcp_client.vcxitems", "{6F1F0BFD-A43E-4D5A-9E21-4E693019C2AE}"
EndProject
Project("{8BC9CEB8-8B4A-11D0-8D11-00A0C91BC942}") = "tcp_server", "tcp_server\tcp_server.vcxitems", "{6C30D496-B14C-4F2A-A94D-380CCC0B4ED4}"
EndProject
Project("{8BC9CEB8-8B4A-11D0-8D11-00A0C91BC942}") = "tcp", "tcp\tcp.vcxitems", "{4F5A76FB-8B26-4930-972A-65D8364176F3}"
EndProject
Project("{8BC9CEB8-8B4A-11D0-8D11-00A0C91BC942}") = "globals", "globals\globals.vcxitems", "{2B2A9069-2CC0-4081-8E04-8B1E512597BE}"
EndProject
Project("{8BC9CEB8-8B4A-11D0-8D11-00A0C91BC942}") = "utils", "utils\utils.vcxitems", "{4C75CF4F-7821-4E40-B21A-D417B93BE9E6}"
EndProject
Project("{8BC9CEB8-8B4A-11D0-8D11-00A0C91BC942}") = "thread_system", "thread_system\thread_system.vcxitems", "{EA89091A-89A1-426E-8156-640044773980}"
EndProject
Project("{9A19103F-16F7-4668-BE54-9A1E7A4F7556}") = "launcher", "launcher\launcher.csproj", "{4443B799-9763-428E-88D1-98884DB3E184}"
EndProject
Project("{2150E333-8FDC-42A3-9474-1A3956D46DE8}") = "client_projects", "client_projects", "{42E43B4B-F4DB-471E-9DA3-FC428FC40451}"
EndProject
Project("{2150E333-8FDC-42A3-9474-1A3956D46DE8}") = "server_projects", "server_projects", "{A0D9EF4C-E91F-408A-A891-DF3516BF6734}"
EndProject
Global
	GlobalSection(SolutionConfigurationPlatforms) = preSolution
		Debug|Any CPU = Debug|Any CPU
		Debug|x64 = Debug|x64
		Debug|x86 = Debug|x86
		Release|Any CPU = Release|Any CPU
		Release|x64 = Release|x64
		Release|x86 = Release|x86
	EndGlobalSection
	GlobalSection(ProjectConfigurationPlatforms) = postSolution
		{611A5FFD-81FA-49A1-A193-C61284E8222E}.Debug|Any CPU.ActiveCfg = Debug|Win32
		{611A5FFD-81FA-49A1-A193-C61284E8222E}.Debug|Any CPU.Build.0 = Debug|Win32
		{611A5FFD-81FA-49A1-A193-C61284E8222E}.Debug|x64.ActiveCfg = Debug|Win32
		{611A5FFD-81FA-49A1-A193-C61284E8222E}.Debug|x64.Build.0 = Debug|Win32
		{611A5FFD-81FA-49A1-A193-C61284E8222E}.Debug|x86.ActiveCfg = Debug|Win32
		{611A5FFD-81FA-49A1-A193-C61284E8222E}.Debug|x86.Build.0 = Debug|Win32
		{611A5FFD-81FA-49A1-A193-C61284E8222E}.Release|Any CPU.ActiveCfg = Release|Win32
		{611A5FFD-81FA-49A1-A193-C61284E8222E}.Release|Any CPU.Build.0 = Release|Win32
		{611A5FFD-81FA-49A1-A193-C61284E8222E}.Release|x64.ActiveCfg = Release|Win32
		{611A5FFD-81FA-49A1-A193-C61284E8222E}.Release|x64.Build.0 = Release|Win32
		{611A5FFD-81FA-49A1-A193-C61284E8222E}.Release|x86.ActiveCfg = Release|Win32
		{611A5FFD-81FA-49A1-A193-C61284E8222E}.Release|x86.Build.0 = Release|Win32
		{2F9A50FF-1352-44A3-913D-523B3658A4CA}.Debug|Any CPU.ActiveCfg = Debug|x64
		{2F9A50FF-1352-44A3-913D-523B3658A4CA}.Debug|Any CPU.Build.0 = Debug|x64
		{2F9A50FF-1352-44A3-913D-523B3658A4CA}.Debug|x64.ActiveCfg = Debug|x64
		{2F9A50FF-1352-44A3-913D-523B3658A4CA}.Debug|x64.Build.0 = Debug|x64
		{2F9A50FF-1352-44A3-913D-523B3658A4CA}.Debug|x86.ActiveCfg = Debug|Win32
		{2F9A50FF-1352-44A3-913D-523B3658A4CA}.Debug|x86.Build.0 = Debug|Win32
		{2F9A50FF-1352-44A3-913D-523B3658A4CA}.Release|Any CPU.ActiveCfg = Release|x64
		{2F9A50FF-1352-44A3-913D-523B3658A4CA}.Release|Any CPU.Build.0 = Release|x64
		{2F9A50FF-1352-44A3-913D-523B3658A4CA}.Release|x64.ActiveCfg = Release|x64
		{2F9A50FF-1352-44A3-913D-523B3658A4CA}.Release|x64.Build.0 = Release|x64
		{2F9A50FF-1352-44A3-913D-523B3658A4CA}.Release|x86.ActiveCfg = Release|Win32
		{2F9A50FF-1352-44A3-913D-523B3658A4CA}.Release|x86.Build.0 = Release|Win32
		{F3A1C58E-2EA8-414B-A0A0-ABCE1D08A247}.Debug|Any CPU.ActiveCfg = Debug|x64
		{F3A1C58E-2EA8-414B-A0A0-ABCE1D08A247}.Debug|Any CPU.Build.0 = Debug|x64
		{F3A1C58E-2EA8-414B-A0A0-ABCE1D08A247}.Debug|x64.ActiveCfg = Debug|x64
		{F3A1C58E-2EA8-414B-A0A0-ABCE1D08A247}.Debug|x64.Build.0 = Debug|x64
		{F3A1C58E-2EA8-414B-A0A0-ABCE1D08A247}.Debug|x86.ActiveCfg = Debug|Win32
		{F3A1C58E-2EA8-414B-A0A0-ABCE1D08A247}.Debug|x86.Build.0 = Debug|Win32
		{F3A1C58E-2EA8-414B-A0A0-ABCE1D08A247}.Release|Any CPU.ActiveCfg = Release|x64
		{F3A1C58E-2EA8-414B-A0A0-ABCE1D08A247}.Release|Any CPU.Build.0 = Release|x64
		{F3A1C58E-2EA8-414B-A0A0-ABCE1D08A247}.Release|x64.ActiveCfg = Release|x64
		{F3A1C58E-2EA8-414B-A0A0-ABCE1D08A247}.Release|x64.Build.0 = Release|x64
		{F3A1C58E-2EA8-414B-A0A0-ABCE1D08A247}.Release|x86.ActiveCfg = Release|Win32
		{F3A1C58E-2EA8-414B-A0A0-ABCE1D08A247}.Release|x86.Build.0 = Release|Win32
		{DCF6D994-54FA-4AD0-9ADB-E34FAFFAF46F}.Debug|Any CPU.ActiveCfg = Debug|x64
		{DCF6D994-54FA-4AD0-9ADB-E34FAFFAF46F}.Debug|Any CPU.Build.0 = Debug|x64
		{DCF6D994-54FA-4AD0-9ADB-E34FAFFAF46F}.Debug|x64.ActiveCfg = Debug|x64
		{DCF6D994-54FA-4AD0-9ADB-E34FAFFAF46F}.Debug|x64.Build.0 = Debug|x64
		{DCF6D994-54FA-4AD0-9ADB-E34FAFFAF46F}.Debug|x86.ActiveCfg = Debug|Win32
		{DCF6D994-54FA-4AD0-9ADB-E34FAFFAF46F}.Debug|x86.Build.0 = Debug|Win32
		{DCF6D994-54FA-4AD0-9ADB-E34FAFFAF46F}.Release|Any CPU.ActiveCfg = Release|x64
		{DCF6D994-54FA-4AD0-9ADB-E34FAFFAF46F}.Release|Any CPU.Build.0 = Release|x64
		{DCF6D994-54FA-4AD0-9ADB-E34FAFFAF46F}.Release|x64.ActiveCfg = Release|x64
		{DCF6D994-54FA-4AD0-9ADB-E34FAFFAF46F}.Release|x64.Build.0 = Release|x64
		{DCF6D994-54FA-4AD0-9ADB-E34FAFFAF46F}.Release|x86.ActiveCfg = Release|Win32
		{DCF6D994-54FA-4AD0-9ADB-E34FAFFAF46F}.Release|x86.Build.0 = Release|Win32
		{CE796F0F-0DB5-4436-9955-5B0E33A868CC}.Debug|Any CPU.ActiveCfg = Debug|x64
		{CE796F0F-0DB5-4436-9955-5B0E33A868CC}.Debug|Any CPU.Build.0 = Debug|x64
		{CE796F0F-0DB5-4436-9955-5B0E33A868CC}.Debug|x64.ActiveCfg = Debug|x64
		{CE796F0F-0DB5-4436-9955-5B0E33A868CC}.Debug|x64.Build.0 = Debug|x64
		{CE796F0F-0DB5-4436-9955-5B0E33A868CC}.Debug|x86.ActiveCfg = Debug|Win32
		{CE796F0F-0DB5-4436-9955-5B0E33A868CC}.Debug|x86.Build.0 = Debug|Win32
		{CE796F0F-0DB5-4436-9955-5B0E33A868CC}.Release|Any CPU.ActiveCfg = Release|x64
		{CE796F0F-0DB5-4436-9955-5B0E33A868CC}.Release|Any CPU.Build.0 = Release|x64
		{CE796F0F-0DB5-4436-9955-5B0E33A868CC}.Release|x64.ActiveCfg = Release|x64
		{CE796F0F-0DB5-4436-9955-5B0E33A868CC}.Release|x64.Build.0 = Release|x64
		{CE796F0F-0DB5-4436-9955-5B0E33A868CC}.Release|x86.ActiveCfg = Release|Win32
		{CE796F0F-0DB5-4436-9955-5B0E33A868CC}.Release|x86.Build.0 = Release|Win32
		{4443B799-9763-428E-88D1-98884DB3E184}.Debug|Any CPU.ActiveCfg = Debug|Any CPU
		{4443B799-9763-428E-88D1-98884DB3E184}.Debug|Any CPU.Build.0 = Debug|Any CPU
		{4443B799-9763-428E-88D1-98884DB3E184}.Debug|x64.ActiveCfg = Debug|Any CPU
		{4443B799-9763-428E-88D1-98884DB3E184}.Debug|x64.Build.0 = Debug|Any CPU
		{4443B799-9763-428E-88D1-98884DB3E184}.Debug|x86.ActiveCfg = Debug|Any CPU
		{4443B799-9763-428E-88D1-98884DB3E184}.Debug|x86.Build.0 = Debug|Any CPU
		{4443B799-9763-428E-88D1-98884DB3E184}.Release|Any CPU.ActiveCfg = Release|Any CPU
		{4443B799-9763-428E-88D1-98884DB3E184}.Release|Any CPU.Build.0 = Release|Any CPU
		{4443B799-9763-428E-88D1-98884DB3E184}.Release|x64.ActiveCfg = Release|Any CPU
		{4443B799-9763-428E-88D1-98884DB3E184}.Release|x64.Build.0 = Release|Any CPU
		{4443B799-9763-428E-88D1-98884DB3E184}.Release|x86.ActiveCfg = Release|Any CPU
		{4443B799-9763-428E-88D1-98884DB3E184}.Release|x86.Build.0 = Release|Any CPU
	EndGlobalSection
	GlobalSection(SolutionProperties) = preSolution
		HideSolutionNode = FALSE
	EndGlobalSection
	GlobalSection(NestedProjects) = preSolution
		{611A5FFD-81FA-49A1-A193-C61284E8222E} = {42E43B4B-F4DB-471E-9DA3-FC428FC40451}
		{2F9A50FF-1352-44A3-913D-523B3658A4CA} = {A0D9EF4C-E91F-408A-A891-DF3516BF6734}
		{F3A1C58E-2EA8-414B-A0A0-ABCE1D08A247} = {42E43B4B-F4DB-471E-9DA3-FC428FC40451}
		{DFFBC708-890D-491B-980F-E8613869783B} = {850C26C5-A573-4C24-8607-F01C35716989}
		{C71A13A3-8825-4C05-8925-E11ECBE42EEB} = {850C26C5-A573-4C24-8607-F01C35716989}
		{DCF6D994-54FA-4AD0-9ADB-E34FAFFAF46F} = {42E43B4B-F4DB-471E-9DA3-FC428FC40451}
		{F4FFAD47-5958-4180-A64C-8E64D8B46368} = {850C26C5-A573-4C24-8607-F01C35716989}
		{FECC2CD2-9D4B-43D2-81E2-C135D7B71727} = {850C26C5-A573-4C24-8607-F01C35716989}
		{88CD857C-F04C-49D5-A25C-1A450D5C299F} = {850C26C5-A573-4C24-8607-F01C35716989}
		{CE796F0F-0DB5-4436-9955-5B0E33A868CC} = {A0D9EF4C-E91F-408A-A891-DF3516BF6734}
		{AC5A57F4-B329-4EB2-A7A9-84E67093367F} = {850C26C5-A573-4C24-8607-F01C35716989}
		{6F1F0BFD-A43E-4D5A-9E21-4E693019C2AE} = {AC5A57F4-B329-4EB2-A7A9-84E67093367F}
		{6C30D496-B14C-4F2A-A94D-380CCC0B4ED4} = {AC5A57F4-B329-4EB2-A7A9-84E67093367F}
		{4F5A76FB-8B26-4930-972A-65D8364176F3} = {AC5A57F4-B329-4EB2-A7A9-84E67093367F}
		{2B2A9069-2CC0-4081-8E04-8B1E512597BE} = {850C26C5-A573-4C24-8607-F01C35716989}
		{4C75CF4F-7821-4E40-B21A-D417B93BE9E6} = {850C26C5-A573-4C24-8607-F01C35716989}
		{EA89091A-89A1-426E-8156-640044773980} = {850C26C5-A573-4C24-8607-F01C35716989}
		{4443B799-9763-428E-88D1-98884DB3E184} = {42E43B4B-F4DB-471E-9DA3-FC428FC40451}
	EndGlobalSection
	GlobalSection(ExtensibilityGlobals) = postSolution
		SolutionGuid = {5F58BCCD-4443-445F-B734-F6FFC6054D74}
	EndGlobalSection
	GlobalSection(SharedMSBuildProjectFiles) = preSolution
		globals\globals.vcxitems*{2b2a9069-2cc0-4081-8e04-8b1e512597be}*SharedItemsImports = 9
		globals\globals.vcxitems*{2f9a50ff-1352-44a3-913d-523b3658a4ca}*SharedItemsImports = 4
		profiling\profiling.vcxitems*{2f9a50ff-1352-44a3-913d-523b3658a4ca}*SharedItemsImports = 4
		rg\rg.vcxitems*{2f9a50ff-1352-44a3-913d-523b3658a4ca}*SharedItemsImports = 4
		scripting\scripting.vcxitems*{2f9a50ff-1352-44a3-913d-523b3658a4ca}*SharedItemsImports = 4
		shared\shared.vcxitems*{2f9a50ff-1352-44a3-913d-523b3658a4ca}*SharedItemsImports = 4
		tcp\tcp.vcxitems*{2f9a50ff-1352-44a3-913d-523b3658a4ca}*SharedItemsImports = 4
		tcp_client\tcp_client.vcxitems*{2f9a50ff-1352-44a3-913d-523b3658a4ca}*SharedItemsImports = 4
		tcp_server\tcp_server.vcxitems*{2f9a50ff-1352-44a3-913d-523b3658a4ca}*SharedItemsImports = 4
		thread_system\thread_system.vcxitems*{2f9a50ff-1352-44a3-913d-523b3658a4ca}*SharedItemsImports = 4
		utils\utils.vcxitems*{2f9a50ff-1352-44a3-913d-523b3658a4ca}*SharedItemsImports = 4
		utils\utils.vcxitems*{4c75cf4f-7821-4e40-b21a-d417b93be9e6}*SharedItemsImports = 9
		tcp\tcp.vcxitems*{4f5a76fb-8b26-4930-972a-65d8364176f3}*SharedItemsImports = 9
		globals\globals.vcxitems*{611a5ffd-81fa-49a1-a193-c61284e8222e}*SharedItemsImports = 4
		hde\hde.vcxitems*{611a5ffd-81fa-49a1-a193-c61284e8222e}*SharedItemsImports = 4
		profiling\profiling.vcxitems*{611a5ffd-81fa-49a1-a193-c61284e8222e}*SharedItemsImports = 4
		scripting\scripting.vcxitems*{611a5ffd-81fa-49a1-a193-c61284e8222e}*SharedItemsImports = 4
		shared\shared.vcxitems*{611a5ffd-81fa-49a1-a193-c61284e8222e}*SharedItemsImports = 4
		tcp\tcp.vcxitems*{611a5ffd-81fa-49a1-a193-c61284e8222e}*SharedItemsImports = 4
		tcp_client\tcp_client.vcxitems*{611a5ffd-81fa-49a1-a193-c61284e8222e}*SharedItemsImports = 4
		thread_system\thread_system.vcxitems*{611a5ffd-81fa-49a1-a193-c61284e8222e}*SharedItemsImports = 4
		utils\utils.vcxitems*{611a5ffd-81fa-49a1-a193-c61284e8222e}*SharedItemsImports = 4
		tcp_server\tcp_server.vcxitems*{6c30d496-b14c-4f2a-a94d-380ccc0b4ed4}*SharedItemsImports = 9
		tcp_client\tcp_client.vcxitems*{6f1f0bfd-a43e-4d5a-9e21-4e693019c2ae}*SharedItemsImports = 9
		scripting\scripting.vcxitems*{88cd857c-f04c-49d5-a25c-1a450d5c299f}*SharedItemsImports = 9
		profiling\profiling.vcxitems*{c71a13a3-8825-4c05-8925-e11ecbe42eeb}*SharedItemsImports = 9
		globals\globals.vcxitems*{ce796f0f-0db5-4436-9955-5b0e33a868cc}*SharedItemsImports = 4
		profiling\profiling.vcxitems*{ce796f0f-0db5-4436-9955-5b0e33a868cc}*SharedItemsImports = 4
		tcp\tcp.vcxitems*{ce796f0f-0db5-4436-9955-5b0e33a868cc}*SharedItemsImports = 4
		tcp_client\tcp_client.vcxitems*{ce796f0f-0db5-4436-9955-5b0e33a868cc}*SharedItemsImports = 4
		tcp_server\tcp_server.vcxitems*{ce796f0f-0db5-4436-9955-5b0e33a868cc}*SharedItemsImports = 4
		thread_system\thread_system.vcxitems*{ce796f0f-0db5-4436-9955-5b0e33a868cc}*SharedItemsImports = 4
		utils\utils.vcxitems*{ce796f0f-0db5-4436-9955-5b0e33a868cc}*SharedItemsImports = 4
		globals\globals.vcxitems*{dcf6d994-54fa-4ad0-9adb-e34faffaf46f}*SharedItemsImports = 4
		profiling\profiling.vcxitems*{dcf6d994-54fa-4ad0-9adb-e34faffaf46f}*SharedItemsImports = 4
		utils\utils.vcxitems*{dcf6d994-54fa-4ad0-9adb-e34faffaf46f}*SharedItemsImports = 4
		shared\shared.vcxitems*{dffbc708-890d-491b-980f-e8613869783b}*SharedItemsImports = 9
		thread_system\thread_system.vcxitems*{ea89091a-89a1-426e-8156-640044773980}*SharedItemsImports = 9
		globals\globals.vcxitems*{f3a1c58e-2ea8-414b-a0a0-abce1d08a247}*SharedItemsImports = 4
		profiling\profiling.vcxitems*{f3a1c58e-2ea8-414b-a0a0-abce1d08a247}*SharedItemsImports = 4
		utils\utils.vcxitems*{f3a1c58e-2ea8-414b-a0a0-abce1d08a247}*SharedItemsImports = 4
		hde\hde.vcxitems*{f4ffad47-5958-4180-a64c-8e64d8b46368}*SharedItemsImports = 9
		rg\rg.vcxitems*{fecc2cd2-9d4b-43d2-81e2-c135d7b71727}*SharedItemsImports = 9
	EndGlobalSection
EndGlobal
