
Microsoft Visual Studio Solution File, Format Version 12.00
# Visual Studio Version 17
VisualStudioVersion = 17.1.32421.90
MinimumVisualStudioVersion = 10.0.40219.1
Project("{8BC9CEB8-8B4A-11D0-8D11-00A0C91BC942}") = "client", "client\client.vcxproj", "{611A5FFD-81FA-49A1-A193-C61284E8222E}"
EndProject
Project("{8BC9CEB8-8B4A-11D0-8D11-00A0C91BC942}") = "server", "server\server.vcxproj", "{2F9A50FF-1352-44A3-913D-523B3658A4CA}"
EndProject
Project("{8BC9CEB8-8B4A-11D0-8D11-00A0C91BC942}") = "loader", "loader\loader.vcxproj", "{F3A1C58E-2EA8-414B-A0A0-ABCE1D08A247}"
	ProjectSection(ProjectDependencies) = postProject
		{611A5FFD-81FA-49A1-A193-C61284E8222E} = {611A5FFD-81FA-49A1-A193-C61284E8222E}
	EndProjectSection
EndProject
Project("{8BC9CEB8-8B4A-11D0-8D11-00A0C91BC942}") = "shared", "shared\shared.vcxitems", "{DFFBC708-890D-491B-980F-E8613869783B}"
EndProject
Project("{8BC9CEB8-8B4A-11D0-8D11-00A0C91BC942}") = "profiling", "profiling\profiling.vcxitems", "{C71A13A3-8825-4C05-8925-E11ECBE42EEB}"
EndProject
Project("{8BC9CEB8-8B4A-11D0-8D11-00A0C91BC942}") = "asset_converter", "asset_converter\asset_converter.vcxproj", "{DCF6D994-54FA-4AD0-9ADB-E34FAFFAF46F}"
EndProject
Project("{8BC9CEB8-8B4A-11D0-8D11-00A0C91BC942}") = "hde", "hde\hde.vcxitems", "{F4FFAD47-5958-4180-A64C-8E64D8B46368}"
EndProject
Project("{8BC9CEB8-8B4A-11D0-8D11-00A0C91BC942}") = "rg", "rg\rg.vcxitems", "{FECC2CD2-9D4B-43D2-81E2-C135D7B71727}"
EndProject
Project("{2150E333-8FDC-42A3-9474-1A3956D46DE8}") = "shared_projects", "shared_projects", "{850C26C5-A573-4C24-8607-F01C35716989}"
EndProject
Project("{8BC9CEB8-8B4A-11D0-8D11-00A0C91BC942}") = "scripting", "scripting\scripting.vcxitems", "{88CD857C-F04C-49D5-A25C-1A450D5C299F}"
EndProject
Global
	GlobalSection(SolutionConfigurationPlatforms) = preSolution
		Debug|x64 = Debug|x64
		Debug|x86 = Debug|x86
		Release|x64 = Release|x64
		Release|x86 = Release|x86
	EndGlobalSection
	GlobalSection(ProjectConfigurationPlatforms) = postSolution
		{611A5FFD-81FA-49A1-A193-C61284E8222E}.Debug|x64.ActiveCfg = Debug|Win32
		{611A5FFD-81FA-49A1-A193-C61284E8222E}.Debug|x64.Build.0 = Debug|Win32
		{611A5FFD-81FA-49A1-A193-C61284E8222E}.Debug|x86.ActiveCfg = Debug|Win32
		{611A5FFD-81FA-49A1-A193-C61284E8222E}.Debug|x86.Build.0 = Debug|Win32
		{611A5FFD-81FA-49A1-A193-C61284E8222E}.Release|x64.ActiveCfg = Release|Win32
		{611A5FFD-81FA-49A1-A193-C61284E8222E}.Release|x64.Build.0 = Release|Win32
		{611A5FFD-81FA-49A1-A193-C61284E8222E}.Release|x86.ActiveCfg = Release|Win32
		{611A5FFD-81FA-49A1-A193-C61284E8222E}.Release|x86.Build.0 = Release|Win32
		{2F9A50FF-1352-44A3-913D-523B3658A4CA}.Debug|x64.ActiveCfg = Debug|x64
		{2F9A50FF-1352-44A3-913D-523B3658A4CA}.Debug|x64.Build.0 = Debug|x64
		{2F9A50FF-1352-44A3-913D-523B3658A4CA}.Debug|x86.ActiveCfg = Debug|Win32
		{2F9A50FF-1352-44A3-913D-523B3658A4CA}.Debug|x86.Build.0 = Debug|Win32
		{2F9A50FF-1352-44A3-913D-523B3658A4CA}.Release|x64.ActiveCfg = Release|x64
		{2F9A50FF-1352-44A3-913D-523B3658A4CA}.Release|x64.Build.0 = Release|x64
		{2F9A50FF-1352-44A3-913D-523B3658A4CA}.Release|x86.ActiveCfg = Release|Win32
		{2F9A50FF-1352-44A3-913D-523B3658A4CA}.Release|x86.Build.0 = Release|Win32
		{F3A1C58E-2EA8-414B-A0A0-ABCE1D08A247}.Debug|x64.ActiveCfg = Debug|x64
		{F3A1C58E-2EA8-414B-A0A0-ABCE1D08A247}.Debug|x64.Build.0 = Debug|x64
		{F3A1C58E-2EA8-414B-A0A0-ABCE1D08A247}.Debug|x86.ActiveCfg = Debug|Win32
		{F3A1C58E-2EA8-414B-A0A0-ABCE1D08A247}.Debug|x86.Build.0 = Debug|Win32
		{F3A1C58E-2EA8-414B-A0A0-ABCE1D08A247}.Release|x64.ActiveCfg = Release|x64
		{F3A1C58E-2EA8-414B-A0A0-ABCE1D08A247}.Release|x64.Build.0 = Release|x64
		{F3A1C58E-2EA8-414B-A0A0-ABCE1D08A247}.Release|x86.ActiveCfg = Release|Win32
		{F3A1C58E-2EA8-414B-A0A0-ABCE1D08A247}.Release|x86.Build.0 = Release|Win32
		{DCF6D994-54FA-4AD0-9ADB-E34FAFFAF46F}.Debug|x64.ActiveCfg = Debug|x64
		{DCF6D994-54FA-4AD0-9ADB-E34FAFFAF46F}.Debug|x64.Build.0 = Debug|x64
		{DCF6D994-54FA-4AD0-9ADB-E34FAFFAF46F}.Debug|x86.ActiveCfg = Debug|Win32
		{DCF6D994-54FA-4AD0-9ADB-E34FAFFAF46F}.Debug|x86.Build.0 = Debug|Win32
		{DCF6D994-54FA-4AD0-9ADB-E34FAFFAF46F}.Release|x64.ActiveCfg = Release|x64
		{DCF6D994-54FA-4AD0-9ADB-E34FAFFAF46F}.Release|x64.Build.0 = Release|x64
		{DCF6D994-54FA-4AD0-9ADB-E34FAFFAF46F}.Release|x86.ActiveCfg = Release|Win32
		{DCF6D994-54FA-4AD0-9ADB-E34FAFFAF46F}.Release|x86.Build.0 = Release|Win32
	EndGlobalSection
	GlobalSection(SolutionProperties) = preSolution
		HideSolutionNode = FALSE
	EndGlobalSection
	GlobalSection(NestedProjects) = preSolution
		{DFFBC708-890D-491B-980F-E8613869783B} = {850C26C5-A573-4C24-8607-F01C35716989}
		{C71A13A3-8825-4C05-8925-E11ECBE42EEB} = {850C26C5-A573-4C24-8607-F01C35716989}
		{F4FFAD47-5958-4180-A64C-8E64D8B46368} = {850C26C5-A573-4C24-8607-F01C35716989}
		{FECC2CD2-9D4B-43D2-81E2-C135D7B71727} = {850C26C5-A573-4C24-8607-F01C35716989}
		{88CD857C-F04C-49D5-A25C-1A450D5C299F} = {850C26C5-A573-4C24-8607-F01C35716989}
	EndGlobalSection
	GlobalSection(ExtensibilityGlobals) = postSolution
		SolutionGuid = {5F58BCCD-4443-445F-B734-F6FFC6054D74}
	EndGlobalSection
	GlobalSection(SharedMSBuildProjectFiles) = preSolution
		profiling\profiling.vcxitems*{2f9a50ff-1352-44a3-913d-523b3658a4ca}*SharedItemsImports = 4
		rg\rg.vcxitems*{2f9a50ff-1352-44a3-913d-523b3658a4ca}*SharedItemsImports = 4
		scripting\scripting.vcxitems*{2f9a50ff-1352-44a3-913d-523b3658a4ca}*SharedItemsImports = 4
		shared\shared.vcxitems*{2f9a50ff-1352-44a3-913d-523b3658a4ca}*SharedItemsImports = 4
		hde\hde.vcxitems*{611a5ffd-81fa-49a1-a193-c61284e8222e}*SharedItemsImports = 4
		profiling\profiling.vcxitems*{611a5ffd-81fa-49a1-a193-c61284e8222e}*SharedItemsImports = 4
		scripting\scripting.vcxitems*{611a5ffd-81fa-49a1-a193-c61284e8222e}*SharedItemsImports = 4
		shared\shared.vcxitems*{611a5ffd-81fa-49a1-a193-c61284e8222e}*SharedItemsImports = 4
		scripting\scripting.vcxitems*{88cd857c-f04c-49d5-a25c-1a450d5c299f}*SharedItemsImports = 9
		profiling\profiling.vcxitems*{c71a13a3-8825-4c05-8925-e11ecbe42eeb}*SharedItemsImports = 9
		profiling\profiling.vcxitems*{dcf6d994-54fa-4ad0-9adb-e34faffaf46f}*SharedItemsImports = 4
		shared\shared.vcxitems*{dffbc708-890d-491b-980f-e8613869783b}*SharedItemsImports = 9
		profiling\profiling.vcxitems*{f3a1c58e-2ea8-414b-a0a0-abce1d08a247}*SharedItemsImports = 4
		hde\hde.vcxitems*{f4ffad47-5958-4180-a64c-8e64d8b46368}*SharedItemsImports = 9
		rg\rg.vcxitems*{fecc2cd2-9d4b-43d2-81e2-c135d7b71727}*SharedItemsImports = 9
	EndGlobalSection
EndGlobal
