
Microsoft Visual Studio Solution File, Format Version 12.00
# Visual Studio Version 17
VisualStudioVersion = 17.1.32421.90
MinimumVisualStudioVersion = 10.0.40219.1
Project("{8BC9CEB8-8B4A-11D0-8D11-00A0C91BC942}") = "client", "client\client.vcxproj", "{611A5FFD-81FA-49A1-A193-C61284E8222E}"
	ProjectSection(ProjectDependencies) = postProject
		{2F9A50FF-1352-44A3-913D-523B3658A4CA} = {2F9A50FF-1352-44A3-913D-523B3658A4CA}
	EndProjectSection
EndProject
Project("{8BC9CEB8-8B4A-11D0-8D11-00A0C91BC942}") = "server", "server\server.vcxproj", "{2F9A50FF-1352-44A3-913D-523B3658A4CA}"
EndProject
Project("{8BC9CEB8-8B4A-11D0-8D11-00A0C91BC942}") = "loader", "loader\loader.vcxproj", "{F3A1C58E-2EA8-414B-A0A0-ABCE1D08A247}"
	ProjectSection(ProjectDependencies) = postProject
		{611A5FFD-81FA-49A1-A193-C61284E8222E} = {611A5FFD-81FA-49A1-A193-C61284E8222E}
	EndProjectSection
EndProject
Project("{8BC9CEB8-8B4A-11D0-8D11-00A0C91BC942}") = "shared", "shared\shared.vcxitems", "{DFFBC708-890D-491B-980F-E8613869783B}"
EndProject
Project("{8BC9CEB8-8B4A-11D0-8D11-00A0C91BC942}") = "profiling", "profiling\profiling.vcxitems", "{C71A13A3-8825-4C05-8925-E11ECBE42EEB}"
EndProject
Global
	GlobalSection(SolutionConfigurationPlatforms) = preSolution
		Debug|x64 = Debug|x64
		Debug|x86 = Debug|x86
		Release|x64 = Release|x64
		Release|x86 = Release|x86
	EndGlobalSection
	GlobalSection(ProjectConfigurationPlatforms) = postSolution
		{611A5FFD-81FA-49A1-A193-C61284E8222E}.Debug|x64.ActiveCfg = Debug|Win32
		{611A5FFD-81FA-49A1-A193-C61284E8222E}.Debug|x64.Build.0 = Debug|Win32
		{611A5FFD-81FA-49A1-A193-C61284E8222E}.Debug|x86.ActiveCfg = Debug|Win32
		{611A5FFD-81FA-49A1-A193-C61284E8222E}.Debug|x86.Build.0 = Debug|Win32
		{611A5FFD-81FA-49A1-A193-C61284E8222E}.Release|x64.ActiveCfg = Release|Win32
		{611A5FFD-81FA-49A1-A193-C61284E8222E}.Release|x64.Build.0 = Release|Win32
		{611A5FFD-81FA-49A1-A193-C61284E8222E}.Release|x86.ActiveCfg = Release|Win32
		{611A5FFD-81FA-49A1-A193-C61284E8222E}.Release|x86.Build.0 = Release|Win32
		{F3A1C58E-2EA8-414B-A0A0-ABCE1D08A247}.Debug|x64.ActiveCfg = Debug|x64
		{F3A1C58E-2EA8-414B-A0A0-ABCE1D08A247}.Debug|x64.Build.0 = Debug|x64
		{F3A1C58E-2EA8-414B-A0A0-ABCE1D08A247}.Debug|x86.ActiveCfg = Debug|Win32
		{F3A1C58E-2EA8-414B-A0A0-ABCE1D08A247}.Debug|x86.Build.0 = Debug|Win32
		{F3A1C58E-2EA8-414B-A0A0-ABCE1D08A247}.Release|x64.ActiveCfg = Release|x64
		{F3A1C58E-2EA8-414B-A0A0-ABCE1D08A247}.Release|x64.Build.0 = Release|x64
		{F3A1C58E-2EA8-414B-A0A0-ABCE1D08A247}.Release|x86.ActiveCfg = Release|Win32
		{F3A1C58E-2EA8-414B-A0A0-ABCE1D08A247}.Release|x86.Build.0 = Release|Win32
		{2F9A50FF-1352-44A3-913D-523B3658A4CA}.Debug|x64.ActiveCfg = Debug|x64
		{2F9A50FF-1352-44A3-913D-523B3658A4CA}.Debug|x64.Build.0 = Debug|x64
		{2F9A50FF-1352-44A3-913D-523B3658A4CA}.Debug|x86.ActiveCfg = Debug|Win32
		{2F9A50FF-1352-44A3-913D-523B3658A4CA}.Debug|x86.Build.0 = Debug|Win32
		{2F9A50FF-1352-44A3-913D-523B3658A4CA}.Release|x64.ActiveCfg = Release|x64
		{2F9A50FF-1352-44A3-913D-523B3658A4CA}.Release|x64.Build.0 = Release|x64
		{2F9A50FF-1352-44A3-913D-523B3658A4CA}.Release|x86.ActiveCfg = Release|Win32
		{2F9A50FF-1352-44A3-913D-523B3658A4CA}.Release|x86.Build.0 = Release|Win32
	EndGlobalSection
	GlobalSection(SolutionProperties) = preSolution
		HideSolutionNode = FALSE
	EndGlobalSection
	GlobalSection(ExtensibilityGlobals) = postSolution
		SolutionGuid = {5F58BCCD-4443-445F-B734-F6FFC6054D74}
	EndGlobalSection
	GlobalSection(SharedMSBuildProjectFiles) = preSolution
		profiling\profiling.vcxitems*{2f9a50ff-1352-44a3-913d-523b3658a4ca}*SharedItemsImports = 4
		shared\shared.vcxitems*{2f9a50ff-1352-44a3-913d-523b3658a4ca}*SharedItemsImports = 4
		profiling\profiling.vcxitems*{611a5ffd-81fa-49a1-a193-c61284e8222e}*SharedItemsImports = 4
		shared\shared.vcxitems*{611a5ffd-81fa-49a1-a193-c61284e8222e}*SharedItemsImports = 4
		profiling\profiling.vcxitems*{c71a13a3-8825-4c05-8925-e11ecbe42eeb}*SharedItemsImports = 9
		shared\shared.vcxitems*{dffbc708-890d-491b-980f-e8613869783b}*SharedItemsImports = 9
		profiling\profiling.vcxitems*{f3a1c58e-2ea8-414b-a0a0-abce1d08a247}*SharedItemsImports = 4
	EndGlobalSection
EndGlobal
